
Microsoft Visual Studio Solution File, Format Version 12.00
# Visual Studio Version 17
VisualStudioVersion = 17.1.32319.34
MinimumVisualStudioVersion = 10.0.40219.1
Project("{9A19103F-16F7-4668-BE54-9A1E7A4F7556}") = "FileExplorer", "FileExplorer.csproj", "{695434AB-E878-4900-8A5E-7DD4464CD37A}"
EndProject
Global
	GlobalSection(SolutionConfigurationPlatforms) = preSolution
		Debug|Any CPU = Debug|Any CPU
		Release|Any CPU = Release|Any CPU
	EndGlobalSection
	GlobalSection(ProjectConfigurationPlatforms) = postSolution
		{695434AB-E878-4900-8A5E-7DD4464CD37A}.Debug|Any CPU.ActiveCfg = Debug|Any CPU
		{695434AB-E878-4900-8A5E-7DD4464CD37A}.Debug|Any CPU.Build.0 = Debug|Any CPU
		{695434AB-E878-4900-8A5E-7DD4464CD37A}.Release|Any CPU.ActiveCfg = Release|Any CPU
		{695434AB-E878-4900-8A5E-7DD4464CD37A}.Release|Any CPU.Build.0 = Release|Any CPU
	EndGlobalSection
	GlobalSection(SolutionProperties) = preSolution
		HideSolutionNode = FALSE
	EndGlobalSection
	GlobalSection(ExtensibilityGlobals) = postSolution
		SolutionGuid = {FB592CD5-E6FB-412C-B2BA-66A4B69285C4}
	EndGlobalSection
EndGlobal
